
Microsoft Visual Studio Solution File, Format Version 12.00
# Visual Studio Version 17
VisualStudioVersion = 17.0.31912.275
MinimumVisualStudioVersion = 10.0.40219.1
Project("{2150E333-8FDC-42A3-9474-1A3956D46DE8}") = "src", "src", "{BDED6037-3D6E-4781-8C58-2EB7D0E53CEA}"
EndProject
Project("{2150E333-8FDC-42A3-9474-1A3956D46DE8}") = "tests", "tests", "{AFFADE1D-C17D-4ED8-8407-BFE108714262}"
EndProject
Project("{9A19103F-16F7-4668-BE54-9A1E7A4F7556}") = "Neuroglia.Core", "src\Neuroglia.Core\Neuroglia.Core.csproj", "{33741468-A5E4-46DF-8F0F-6555088EDAA5}"
EndProject
Project("{9A19103F-16F7-4668-BE54-9A1E7A4F7556}") = "Neuroglia.Serialization", "src\Neuroglia.Serialization.Abstractions\Neuroglia.Serialization.csproj", "{8244998D-D4A5-43FB-A933-AB0D85E48FDE}"
EndProject
Project("{9A19103F-16F7-4668-BE54-9A1E7A4F7556}") = "Neuroglia.Serialization.YamlDotNet", "src\Neuroglia.Serialization.YamlDotNet\Neuroglia.Serialization.YamlDotNet.csproj", "{3C1E9E45-C2B8-4533-A0FA-7E88FB5B525A}"
EndProject
Project("{9A19103F-16F7-4668-BE54-9A1E7A4F7556}") = "Neuroglia.Serialization.DataContract", "src\Neuroglia.Serialization.DataContract\Neuroglia.Serialization.DataContract.csproj", "{441862E1-6C07-4586-8EC8-913E1DD6BCBF}"
EndProject
Project("{9A19103F-16F7-4668-BE54-9A1E7A4F7556}") = "Neuroglia.Serialization.ProtobufNet", "src\Neuroglia.Serialization.ProtobufNet\Neuroglia.Serialization.ProtobufNet.csproj", "{D734DD48-E496-417B-A899-B44C2FA9E216}"
EndProject
Project("{9A19103F-16F7-4668-BE54-9A1E7A4F7556}") = "Neuroglia.Serialization.NewtonsoftJson", "src\Neuroglia.Serialization.NewtonsoftJson\Neuroglia.Serialization.NewtonsoftJson.csproj", "{4F6A9532-5E8F-41C7-A63F-9A699964AD64}"
EndProject
Project("{9A19103F-16F7-4668-BE54-9A1E7A4F7556}") = "Neuroglia.Data", "src\Neuroglia.Data\Neuroglia.Data.csproj", "{50569E05-3E5F-4E2D-827D-1B517CAC3200}"
EndProject
Project("{9A19103F-16F7-4668-BE54-9A1E7A4F7556}") = "Neuroglia.Data.Infrastructure.Abstractions", "src\Neuroglia.Data.Infrastructure.Abstractions\Neuroglia.Data.Infrastructure.Abstractions.csproj", "{E24859DF-29A1-4EF1-B04E-3B17F44B0DCF}"
EndProject
Project("{9A19103F-16F7-4668-BE54-9A1E7A4F7556}") = "Neuroglia.Data.Infrastructure.EventSourcing.Abstractions", "src\Neuroglia.Data.Infrastructure.EventSourcing.Abstractions\Neuroglia.Data.Infrastructure.EventSourcing.Abstractions.csproj", "{A632C6B5-81F2-48C9-8171-2EEE35277100}"
EndProject
Project("{9A19103F-16F7-4668-BE54-9A1E7A4F7556}") = "Neuroglia.Mediation", "src\Neuroglia.Mediation\Neuroglia.Mediation.csproj", "{717A609C-9070-48B2-9805-DBEE63ADCE5B}"
EndProject
Project("{9A19103F-16F7-4668-BE54-9A1E7A4F7556}") = "Neuroglia.UnitTests", "test\Neuroglia.UnitTests\Neuroglia.UnitTests\Neuroglia.UnitTests.csproj", "{6152BB71-E0E0-4DDC-AC03-43A340DEAFA1}"
EndProject
Project("{9A19103F-16F7-4668-BE54-9A1E7A4F7556}") = "Neuroglia.Mediation.FluentValidation", "src\Neuroglia.Mediation.FluentValidation\Neuroglia.Mediation.FluentValidation.csproj", "{57E56FC8-3497-4536-A699-9E929DAA02F6}"
EndProject
Project("{9A19103F-16F7-4668-BE54-9A1E7A4F7556}") = "Neuroglia.Data.PatchModel", "src\Neuroglia.Data.PatchModel\Neuroglia.Data.PatchModel.csproj", "{1518C91D-6DA2-4C50-B6F2-C19F0B920231}"
EndProject
Project("{9A19103F-16F7-4668-BE54-9A1E7A4F7556}") = "Neuroglia.Mapping", "src\Neuroglia.Mapping\Neuroglia.Mapping.csproj", "{26184251-0F35-41C4-A702-8CB52D53E4A3}"
EndProject
Project("{9A19103F-16F7-4668-BE54-9A1E7A4F7556}") = "Neuroglia.Data.Infrastructure.EventSourcing.EventStore", "src\Neuroglia.Data.Infrastructure.EventSourcing.EventStore\Neuroglia.Data.Infrastructure.EventSourcing.EventStore.csproj", "{2E8752CF-5A78-48EC-96B1-828B88287D1D}"
EndProject
Project("{9A19103F-16F7-4668-BE54-9A1E7A4F7556}") = "Neuroglia.Data.Infrastructure.EventSourcing.Redis", "src\Neuroglia.Data.Infrastructure.EventSourcing.Redis\Neuroglia.Data.Infrastructure.EventSourcing.Redis.csproj", "{27A98088-995B-49F0-9E4E-F7C752A77907}"
EndProject
Project("{9A19103F-16F7-4668-BE54-9A1E7A4F7556}") = "Neuroglia.Mediation.AspNetCore", "src\Neuroglia.Mediation.AspNetCore\Neuroglia.Mediation.AspNetCore.csproj", "{6023CDEF-0A3E-47A5-916F-C0A0A6111390}"
EndProject
Project("{9A19103F-16F7-4668-BE54-9A1E7A4F7556}") = "Neuroglia.Data.Expressions.JQ", "src\Neuroglia.Data.Expressions.JQ\Neuroglia.Data.Expressions.JQ.csproj", "{5C673395-B9BD-49D5-801F-8F9C9A0C2280}"
EndProject
Project("{9A19103F-16F7-4668-BE54-9A1E7A4F7556}") = "Neuroglia.Data.Expressions.JavaScript", "src\Neuroglia.Data.Expressions.JavaScript\Neuroglia.Data.Expressions.JavaScript.csproj", "{6B5C985F-37B9-4137-A87F-DD4723EED5CF}"
EndProject
Project("{9A19103F-16F7-4668-BE54-9A1E7A4F7556}") = "Neuroglia.Plugins.Abstractions", "src\Neuroglia.Plugins.Abstractions\Neuroglia.Plugins.Abstractions.csproj", "{589F8368-4128-4F54-A957-7B0C9DA52D71}"
EndProject
Project("{9A19103F-16F7-4668-BE54-9A1E7A4F7556}") = "Neuroglia.Plugins", "src\Neuroglia.Plugins\Neuroglia.Plugins.csproj", "{D4EF5206-B925-4A18-897B-CD07A3D8A914}"
EndProject
Project("{9A19103F-16F7-4668-BE54-9A1E7A4F7556}") = "Neuroglia.Data.Infrastructure.Memory", "src\Neuroglia.Data.Infrastructure.Memory\Neuroglia.Data.Infrastructure.Memory.csproj", "{526BB65B-D65B-4DBD-8B3F-6C6968DE844E}"
EndProject
Project("{9A19103F-16F7-4668-BE54-9A1E7A4F7556}") = "Neuroglia.Data.Infrastructure.EventSourcing.Memory", "src\Neuroglia.Data.Infrastructure.EventSourcing.Memory\Neuroglia.Data.Infrastructure.EventSourcing.Memory.csproj", "{A0A242DD-C53B-4F3F-9A6F-137B370BD677}"
EndProject
Project("{9A19103F-16F7-4668-BE54-9A1E7A4F7556}") = "Neuroglia.Data.Infrastructure.Mongo", "src\Neuroglia.Data.Infrastructure.Mongo\Neuroglia.Data.Infrastructure.Mongo.csproj", "{71C7C854-2E70-470C-A812-6C7C27E9422C}"
EndProject
Project("{2150E333-8FDC-42A3-9474-1A3956D46DE8}") = "samples", "samples", "{3E6FD302-8B0E-4C9C-8C7A-0824E54E825C}"
EndProject
Project("{9A19103F-16F7-4668-BE54-9A1E7A4F7556}") = "PluginBasedConsoleApp", "samples\PluginBasedConsoleApp\PluginBasedConsoleApp.csproj", "{FDCE2453-FFB3-49CD-8977-94CB66E9E931}"
EndProject
Project("{9A19103F-16F7-4668-BE54-9A1E7A4F7556}") = "Shared", "samples\Shared\Shared.csproj", "{127A576D-D586-4071-9FE5-1F3C8F651B39}"
EndProject
Project("{9A19103F-16F7-4668-BE54-9A1E7A4F7556}") = "CamelCaseTextTransformPlugin", "samples\CamelCaseTextTransformPlugin\CamelCaseTextTransformPlugin.csproj", "{5AAEFEF3-187F-436E-A920-20CBE53FE192}"
EndProject
Project("{9A19103F-16F7-4668-BE54-9A1E7A4F7556}") = "KebabCaseTextTransformPlugin", "samples\KebabCaseTextTransformPlugin\KebabCaseTextTransformPlugin.csproj", "{2FDA2787-1660-4787-8FA1-D77DB94BDB0B}"
EndProject
Project("{9A19103F-16F7-4668-BE54-9A1E7A4F7556}") = "SnakeCaseTextTransformPlugin", "samples\SnakeCaseTextTransformPlugin\SnakeCaseTextTransformPlugin.csproj", "{1D09AF9B-E874-4EC4-B0B7-D9F4D51E51AE}"
EndProject
Project("{9A19103F-16F7-4668-BE54-9A1E7A4F7556}") = "Neuroglia.Data.Expressions.Abstractions", "src\Neuroglia.Data.Expressions.Abstractions\Neuroglia.Data.Expressions.Abstractions.csproj", "{780D563C-909A-4DF8-9A26-D5DAC0B599CB}"
EndProject
Project("{2150E333-8FDC-42A3-9474-1A3956D46DE8}") = "assets", "assets", "{A1CAF88E-7219-4CCD-B1B0-110520EA5141}"
	ProjectSection(SolutionItems) = preProject
		.editorconfig = .editorconfig
	EndProjectSection
EndProject
Project("{9A19103F-16F7-4668-BE54-9A1E7A4F7556}") = "Neuroglia.Data.Infrastructure.ObjectStorage.Abstractions", "src\Neuroglia.Data.Infrastructure.ObjectStorage.Abstractions\Neuroglia.Data.Infrastructure.ObjectStorage.Abstractions.csproj", "{F3F2841C-E22C-4011-A0F5-CF08DE3DE857}"
EndProject
Project("{9A19103F-16F7-4668-BE54-9A1E7A4F7556}") = "Neuroglia.Data.Infrastructure.ObjectStorage.Minio", "src\Neuroglia.Data.Infrastructure.ObjectStorage.Minio\Neuroglia.Data.Infrastructure.ObjectStorage.Minio.csproj", "{74370890-7E61-473E-9E84-DDCBB0A8F0D1}"
EndProject
Project("{FAE04EC0-301F-11D3-BF4B-00C04F79EFBC}") = "Neuroglia.Data.Infrastructure.EventSourcing", "src\Neuroglia.Data.Infrastructure.EventSourcing\Neuroglia.Data.Infrastructure.EventSourcing.csproj", "{14AAAC6A-A70B-4004-8067-233D8E6292EB}"
EndProject
Global
	GlobalSection(SolutionConfigurationPlatforms) = preSolution
		Debug|Any CPU = Debug|Any CPU
		Release|Any CPU = Release|Any CPU
	EndGlobalSection
	GlobalSection(ProjectConfigurationPlatforms) = postSolution
		{33741468-A5E4-46DF-8F0F-6555088EDAA5}.Debug|Any CPU.ActiveCfg = Debug|Any CPU
		{33741468-A5E4-46DF-8F0F-6555088EDAA5}.Debug|Any CPU.Build.0 = Debug|Any CPU
		{33741468-A5E4-46DF-8F0F-6555088EDAA5}.Release|Any CPU.ActiveCfg = Release|Any CPU
		{33741468-A5E4-46DF-8F0F-6555088EDAA5}.Release|Any CPU.Build.0 = Release|Any CPU
		{8244998D-D4A5-43FB-A933-AB0D85E48FDE}.Debug|Any CPU.ActiveCfg = Debug|Any CPU
		{8244998D-D4A5-43FB-A933-AB0D85E48FDE}.Debug|Any CPU.Build.0 = Debug|Any CPU
		{8244998D-D4A5-43FB-A933-AB0D85E48FDE}.Release|Any CPU.ActiveCfg = Release|Any CPU
		{8244998D-D4A5-43FB-A933-AB0D85E48FDE}.Release|Any CPU.Build.0 = Release|Any CPU
		{3C1E9E45-C2B8-4533-A0FA-7E88FB5B525A}.Debug|Any CPU.ActiveCfg = Debug|Any CPU
		{3C1E9E45-C2B8-4533-A0FA-7E88FB5B525A}.Debug|Any CPU.Build.0 = Debug|Any CPU
		{3C1E9E45-C2B8-4533-A0FA-7E88FB5B525A}.Release|Any CPU.ActiveCfg = Release|Any CPU
		{3C1E9E45-C2B8-4533-A0FA-7E88FB5B525A}.Release|Any CPU.Build.0 = Release|Any CPU
		{441862E1-6C07-4586-8EC8-913E1DD6BCBF}.Debug|Any CPU.ActiveCfg = Debug|Any CPU
		{441862E1-6C07-4586-8EC8-913E1DD6BCBF}.Debug|Any CPU.Build.0 = Debug|Any CPU
		{441862E1-6C07-4586-8EC8-913E1DD6BCBF}.Release|Any CPU.ActiveCfg = Release|Any CPU
		{441862E1-6C07-4586-8EC8-913E1DD6BCBF}.Release|Any CPU.Build.0 = Release|Any CPU
		{D734DD48-E496-417B-A899-B44C2FA9E216}.Debug|Any CPU.ActiveCfg = Debug|Any CPU
		{D734DD48-E496-417B-A899-B44C2FA9E216}.Debug|Any CPU.Build.0 = Debug|Any CPU
		{D734DD48-E496-417B-A899-B44C2FA9E216}.Release|Any CPU.ActiveCfg = Release|Any CPU
		{D734DD48-E496-417B-A899-B44C2FA9E216}.Release|Any CPU.Build.0 = Release|Any CPU
		{4F6A9532-5E8F-41C7-A63F-9A699964AD64}.Debug|Any CPU.ActiveCfg = Debug|Any CPU
		{4F6A9532-5E8F-41C7-A63F-9A699964AD64}.Debug|Any CPU.Build.0 = Debug|Any CPU
		{4F6A9532-5E8F-41C7-A63F-9A699964AD64}.Release|Any CPU.ActiveCfg = Release|Any CPU
		{4F6A9532-5E8F-41C7-A63F-9A699964AD64}.Release|Any CPU.Build.0 = Release|Any CPU
		{50569E05-3E5F-4E2D-827D-1B517CAC3200}.Debug|Any CPU.ActiveCfg = Debug|Any CPU
		{50569E05-3E5F-4E2D-827D-1B517CAC3200}.Debug|Any CPU.Build.0 = Debug|Any CPU
		{50569E05-3E5F-4E2D-827D-1B517CAC3200}.Release|Any CPU.ActiveCfg = Release|Any CPU
		{50569E05-3E5F-4E2D-827D-1B517CAC3200}.Release|Any CPU.Build.0 = Release|Any CPU
		{E24859DF-29A1-4EF1-B04E-3B17F44B0DCF}.Debug|Any CPU.ActiveCfg = Debug|Any CPU
		{E24859DF-29A1-4EF1-B04E-3B17F44B0DCF}.Debug|Any CPU.Build.0 = Debug|Any CPU
		{E24859DF-29A1-4EF1-B04E-3B17F44B0DCF}.Release|Any CPU.ActiveCfg = Release|Any CPU
		{E24859DF-29A1-4EF1-B04E-3B17F44B0DCF}.Release|Any CPU.Build.0 = Release|Any CPU
		{A632C6B5-81F2-48C9-8171-2EEE35277100}.Debug|Any CPU.ActiveCfg = Debug|Any CPU
		{A632C6B5-81F2-48C9-8171-2EEE35277100}.Debug|Any CPU.Build.0 = Debug|Any CPU
		{A632C6B5-81F2-48C9-8171-2EEE35277100}.Release|Any CPU.ActiveCfg = Release|Any CPU
		{A632C6B5-81F2-48C9-8171-2EEE35277100}.Release|Any CPU.Build.0 = Release|Any CPU
		{717A609C-9070-48B2-9805-DBEE63ADCE5B}.Debug|Any CPU.ActiveCfg = Debug|Any CPU
		{717A609C-9070-48B2-9805-DBEE63ADCE5B}.Debug|Any CPU.Build.0 = Debug|Any CPU
		{717A609C-9070-48B2-9805-DBEE63ADCE5B}.Release|Any CPU.ActiveCfg = Release|Any CPU
		{717A609C-9070-48B2-9805-DBEE63ADCE5B}.Release|Any CPU.Build.0 = Release|Any CPU
		{6152BB71-E0E0-4DDC-AC03-43A340DEAFA1}.Debug|Any CPU.ActiveCfg = Debug|Any CPU
		{6152BB71-E0E0-4DDC-AC03-43A340DEAFA1}.Debug|Any CPU.Build.0 = Debug|Any CPU
		{6152BB71-E0E0-4DDC-AC03-43A340DEAFA1}.Release|Any CPU.ActiveCfg = Release|Any CPU
		{6152BB71-E0E0-4DDC-AC03-43A340DEAFA1}.Release|Any CPU.Build.0 = Release|Any CPU
		{57E56FC8-3497-4536-A699-9E929DAA02F6}.Debug|Any CPU.ActiveCfg = Debug|Any CPU
		{57E56FC8-3497-4536-A699-9E929DAA02F6}.Debug|Any CPU.Build.0 = Debug|Any CPU
		{57E56FC8-3497-4536-A699-9E929DAA02F6}.Release|Any CPU.ActiveCfg = Release|Any CPU
		{57E56FC8-3497-4536-A699-9E929DAA02F6}.Release|Any CPU.Build.0 = Release|Any CPU
		{1518C91D-6DA2-4C50-B6F2-C19F0B920231}.Debug|Any CPU.ActiveCfg = Debug|Any CPU
		{1518C91D-6DA2-4C50-B6F2-C19F0B920231}.Debug|Any CPU.Build.0 = Debug|Any CPU
		{1518C91D-6DA2-4C50-B6F2-C19F0B920231}.Release|Any CPU.ActiveCfg = Release|Any CPU
		{1518C91D-6DA2-4C50-B6F2-C19F0B920231}.Release|Any CPU.Build.0 = Release|Any CPU
		{26184251-0F35-41C4-A702-8CB52D53E4A3}.Debug|Any CPU.ActiveCfg = Debug|Any CPU
		{26184251-0F35-41C4-A702-8CB52D53E4A3}.Debug|Any CPU.Build.0 = Debug|Any CPU
		{26184251-0F35-41C4-A702-8CB52D53E4A3}.Release|Any CPU.ActiveCfg = Release|Any CPU
		{26184251-0F35-41C4-A702-8CB52D53E4A3}.Release|Any CPU.Build.0 = Release|Any CPU
		{2E8752CF-5A78-48EC-96B1-828B88287D1D}.Debug|Any CPU.ActiveCfg = Debug|Any CPU
		{2E8752CF-5A78-48EC-96B1-828B88287D1D}.Debug|Any CPU.Build.0 = Debug|Any CPU
		{2E8752CF-5A78-48EC-96B1-828B88287D1D}.Release|Any CPU.ActiveCfg = Release|Any CPU
		{2E8752CF-5A78-48EC-96B1-828B88287D1D}.Release|Any CPU.Build.0 = Release|Any CPU
		{27A98088-995B-49F0-9E4E-F7C752A77907}.Debug|Any CPU.ActiveCfg = Debug|Any CPU
		{27A98088-995B-49F0-9E4E-F7C752A77907}.Debug|Any CPU.Build.0 = Debug|Any CPU
		{27A98088-995B-49F0-9E4E-F7C752A77907}.Release|Any CPU.ActiveCfg = Release|Any CPU
		{27A98088-995B-49F0-9E4E-F7C752A77907}.Release|Any CPU.Build.0 = Release|Any CPU
		{6023CDEF-0A3E-47A5-916F-C0A0A6111390}.Debug|Any CPU.ActiveCfg = Debug|Any CPU
		{6023CDEF-0A3E-47A5-916F-C0A0A6111390}.Debug|Any CPU.Build.0 = Debug|Any CPU
		{6023CDEF-0A3E-47A5-916F-C0A0A6111390}.Release|Any CPU.ActiveCfg = Release|Any CPU
		{6023CDEF-0A3E-47A5-916F-C0A0A6111390}.Release|Any CPU.Build.0 = Release|Any CPU
		{5C673395-B9BD-49D5-801F-8F9C9A0C2280}.Debug|Any CPU.ActiveCfg = Debug|Any CPU
		{5C673395-B9BD-49D5-801F-8F9C9A0C2280}.Debug|Any CPU.Build.0 = Debug|Any CPU
		{5C673395-B9BD-49D5-801F-8F9C9A0C2280}.Release|Any CPU.ActiveCfg = Release|Any CPU
		{5C673395-B9BD-49D5-801F-8F9C9A0C2280}.Release|Any CPU.Build.0 = Release|Any CPU
		{6B5C985F-37B9-4137-A87F-DD4723EED5CF}.Debug|Any CPU.ActiveCfg = Debug|Any CPU
		{6B5C985F-37B9-4137-A87F-DD4723EED5CF}.Debug|Any CPU.Build.0 = Debug|Any CPU
		{6B5C985F-37B9-4137-A87F-DD4723EED5CF}.Release|Any CPU.ActiveCfg = Release|Any CPU
		{6B5C985F-37B9-4137-A87F-DD4723EED5CF}.Release|Any CPU.Build.0 = Release|Any CPU
		{589F8368-4128-4F54-A957-7B0C9DA52D71}.Debug|Any CPU.ActiveCfg = Debug|Any CPU
		{589F8368-4128-4F54-A957-7B0C9DA52D71}.Debug|Any CPU.Build.0 = Debug|Any CPU
		{589F8368-4128-4F54-A957-7B0C9DA52D71}.Release|Any CPU.ActiveCfg = Release|Any CPU
		{589F8368-4128-4F54-A957-7B0C9DA52D71}.Release|Any CPU.Build.0 = Release|Any CPU
		{D4EF5206-B925-4A18-897B-CD07A3D8A914}.Debug|Any CPU.ActiveCfg = Debug|Any CPU
		{D4EF5206-B925-4A18-897B-CD07A3D8A914}.Debug|Any CPU.Build.0 = Debug|Any CPU
		{D4EF5206-B925-4A18-897B-CD07A3D8A914}.Release|Any CPU.ActiveCfg = Release|Any CPU
		{D4EF5206-B925-4A18-897B-CD07A3D8A914}.Release|Any CPU.Build.0 = Release|Any CPU
		{526BB65B-D65B-4DBD-8B3F-6C6968DE844E}.Debug|Any CPU.ActiveCfg = Debug|Any CPU
		{526BB65B-D65B-4DBD-8B3F-6C6968DE844E}.Debug|Any CPU.Build.0 = Debug|Any CPU
		{526BB65B-D65B-4DBD-8B3F-6C6968DE844E}.Release|Any CPU.ActiveCfg = Release|Any CPU
		{526BB65B-D65B-4DBD-8B3F-6C6968DE844E}.Release|Any CPU.Build.0 = Release|Any CPU
		{A0A242DD-C53B-4F3F-9A6F-137B370BD677}.Debug|Any CPU.ActiveCfg = Debug|Any CPU
		{A0A242DD-C53B-4F3F-9A6F-137B370BD677}.Debug|Any CPU.Build.0 = Debug|Any CPU
		{A0A242DD-C53B-4F3F-9A6F-137B370BD677}.Release|Any CPU.ActiveCfg = Release|Any CPU
		{A0A242DD-C53B-4F3F-9A6F-137B370BD677}.Release|Any CPU.Build.0 = Release|Any CPU
		{71C7C854-2E70-470C-A812-6C7C27E9422C}.Debug|Any CPU.ActiveCfg = Debug|Any CPU
		{71C7C854-2E70-470C-A812-6C7C27E9422C}.Debug|Any CPU.Build.0 = Debug|Any CPU
		{71C7C854-2E70-470C-A812-6C7C27E9422C}.Release|Any CPU.ActiveCfg = Release|Any CPU
		{71C7C854-2E70-470C-A812-6C7C27E9422C}.Release|Any CPU.Build.0 = Release|Any CPU
		{FDCE2453-FFB3-49CD-8977-94CB66E9E931}.Debug|Any CPU.ActiveCfg = Debug|Any CPU
		{FDCE2453-FFB3-49CD-8977-94CB66E9E931}.Debug|Any CPU.Build.0 = Debug|Any CPU
		{FDCE2453-FFB3-49CD-8977-94CB66E9E931}.Release|Any CPU.ActiveCfg = Release|Any CPU
		{FDCE2453-FFB3-49CD-8977-94CB66E9E931}.Release|Any CPU.Build.0 = Release|Any CPU
		{127A576D-D586-4071-9FE5-1F3C8F651B39}.Debug|Any CPU.ActiveCfg = Debug|Any CPU
		{127A576D-D586-4071-9FE5-1F3C8F651B39}.Debug|Any CPU.Build.0 = Debug|Any CPU
		{127A576D-D586-4071-9FE5-1F3C8F651B39}.Release|Any CPU.ActiveCfg = Release|Any CPU
		{127A576D-D586-4071-9FE5-1F3C8F651B39}.Release|Any CPU.Build.0 = Release|Any CPU
		{5AAEFEF3-187F-436E-A920-20CBE53FE192}.Debug|Any CPU.ActiveCfg = Debug|Any CPU
		{5AAEFEF3-187F-436E-A920-20CBE53FE192}.Debug|Any CPU.Build.0 = Debug|Any CPU
		{5AAEFEF3-187F-436E-A920-20CBE53FE192}.Release|Any CPU.ActiveCfg = Release|Any CPU
		{5AAEFEF3-187F-436E-A920-20CBE53FE192}.Release|Any CPU.Build.0 = Release|Any CPU
		{2FDA2787-1660-4787-8FA1-D77DB94BDB0B}.Debug|Any CPU.ActiveCfg = Debug|Any CPU
		{2FDA2787-1660-4787-8FA1-D77DB94BDB0B}.Debug|Any CPU.Build.0 = Debug|Any CPU
		{2FDA2787-1660-4787-8FA1-D77DB94BDB0B}.Release|Any CPU.ActiveCfg = Release|Any CPU
		{2FDA2787-1660-4787-8FA1-D77DB94BDB0B}.Release|Any CPU.Build.0 = Release|Any CPU
		{1D09AF9B-E874-4EC4-B0B7-D9F4D51E51AE}.Debug|Any CPU.ActiveCfg = Debug|Any CPU
		{1D09AF9B-E874-4EC4-B0B7-D9F4D51E51AE}.Debug|Any CPU.Build.0 = Debug|Any CPU
		{1D09AF9B-E874-4EC4-B0B7-D9F4D51E51AE}.Release|Any CPU.ActiveCfg = Release|Any CPU
		{1D09AF9B-E874-4EC4-B0B7-D9F4D51E51AE}.Release|Any CPU.Build.0 = Release|Any CPU
		{780D563C-909A-4DF8-9A26-D5DAC0B599CB}.Debug|Any CPU.ActiveCfg = Debug|Any CPU
		{780D563C-909A-4DF8-9A26-D5DAC0B599CB}.Debug|Any CPU.Build.0 = Debug|Any CPU
		{780D563C-909A-4DF8-9A26-D5DAC0B599CB}.Release|Any CPU.ActiveCfg = Release|Any CPU
		{780D563C-909A-4DF8-9A26-D5DAC0B599CB}.Release|Any CPU.Build.0 = Release|Any CPU
		{F3F2841C-E22C-4011-A0F5-CF08DE3DE857}.Debug|Any CPU.ActiveCfg = Debug|Any CPU
		{F3F2841C-E22C-4011-A0F5-CF08DE3DE857}.Debug|Any CPU.Build.0 = Debug|Any CPU
		{F3F2841C-E22C-4011-A0F5-CF08DE3DE857}.Release|Any CPU.ActiveCfg = Release|Any CPU
		{F3F2841C-E22C-4011-A0F5-CF08DE3DE857}.Release|Any CPU.Build.0 = Release|Any CPU
		{74370890-7E61-473E-9E84-DDCBB0A8F0D1}.Debug|Any CPU.ActiveCfg = Debug|Any CPU
		{74370890-7E61-473E-9E84-DDCBB0A8F0D1}.Debug|Any CPU.Build.0 = Debug|Any CPU
		{74370890-7E61-473E-9E84-DDCBB0A8F0D1}.Release|Any CPU.ActiveCfg = Release|Any CPU
		{74370890-7E61-473E-9E84-DDCBB0A8F0D1}.Release|Any CPU.Build.0 = Release|Any CPU
		{14AAAC6A-A70B-4004-8067-233D8E6292EB}.Debug|Any CPU.ActiveCfg = Debug|Any CPU
		{14AAAC6A-A70B-4004-8067-233D8E6292EB}.Debug|Any CPU.Build.0 = Debug|Any CPU
		{14AAAC6A-A70B-4004-8067-233D8E6292EB}.Release|Any CPU.ActiveCfg = Release|Any CPU
		{14AAAC6A-A70B-4004-8067-233D8E6292EB}.Release|Any CPU.Build.0 = Release|Any CPU
	EndGlobalSection
	GlobalSection(SolutionProperties) = preSolution
		HideSolutionNode = FALSE
	EndGlobalSection
	GlobalSection(NestedProjects) = preSolution
		{33741468-A5E4-46DF-8F0F-6555088EDAA5} = {BDED6037-3D6E-4781-8C58-2EB7D0E53CEA}
		{8244998D-D4A5-43FB-A933-AB0D85E48FDE} = {BDED6037-3D6E-4781-8C58-2EB7D0E53CEA}
		{3C1E9E45-C2B8-4533-A0FA-7E88FB5B525A} = {BDED6037-3D6E-4781-8C58-2EB7D0E53CEA}
		{441862E1-6C07-4586-8EC8-913E1DD6BCBF} = {BDED6037-3D6E-4781-8C58-2EB7D0E53CEA}
		{D734DD48-E496-417B-A899-B44C2FA9E216} = {BDED6037-3D6E-4781-8C58-2EB7D0E53CEA}
		{4F6A9532-5E8F-41C7-A63F-9A699964AD64} = {BDED6037-3D6E-4781-8C58-2EB7D0E53CEA}
		{50569E05-3E5F-4E2D-827D-1B517CAC3200} = {BDED6037-3D6E-4781-8C58-2EB7D0E53CEA}
		{E24859DF-29A1-4EF1-B04E-3B17F44B0DCF} = {BDED6037-3D6E-4781-8C58-2EB7D0E53CEA}
		{A632C6B5-81F2-48C9-8171-2EEE35277100} = {BDED6037-3D6E-4781-8C58-2EB7D0E53CEA}
		{717A609C-9070-48B2-9805-DBEE63ADCE5B} = {BDED6037-3D6E-4781-8C58-2EB7D0E53CEA}
		{6152BB71-E0E0-4DDC-AC03-43A340DEAFA1} = {AFFADE1D-C17D-4ED8-8407-BFE108714262}
		{57E56FC8-3497-4536-A699-9E929DAA02F6} = {BDED6037-3D6E-4781-8C58-2EB7D0E53CEA}
		{1518C91D-6DA2-4C50-B6F2-C19F0B920231} = {BDED6037-3D6E-4781-8C58-2EB7D0E53CEA}
		{26184251-0F35-41C4-A702-8CB52D53E4A3} = {BDED6037-3D6E-4781-8C58-2EB7D0E53CEA}
		{2E8752CF-5A78-48EC-96B1-828B88287D1D} = {BDED6037-3D6E-4781-8C58-2EB7D0E53CEA}
		{27A98088-995B-49F0-9E4E-F7C752A77907} = {BDED6037-3D6E-4781-8C58-2EB7D0E53CEA}
		{6023CDEF-0A3E-47A5-916F-C0A0A6111390} = {BDED6037-3D6E-4781-8C58-2EB7D0E53CEA}
		{5C673395-B9BD-49D5-801F-8F9C9A0C2280} = {BDED6037-3D6E-4781-8C58-2EB7D0E53CEA}
		{6B5C985F-37B9-4137-A87F-DD4723EED5CF} = {BDED6037-3D6E-4781-8C58-2EB7D0E53CEA}
		{589F8368-4128-4F54-A957-7B0C9DA52D71} = {BDED6037-3D6E-4781-8C58-2EB7D0E53CEA}
		{D4EF5206-B925-4A18-897B-CD07A3D8A914} = {BDED6037-3D6E-4781-8C58-2EB7D0E53CEA}
		{526BB65B-D65B-4DBD-8B3F-6C6968DE844E} = {BDED6037-3D6E-4781-8C58-2EB7D0E53CEA}
		{A0A242DD-C53B-4F3F-9A6F-137B370BD677} = {BDED6037-3D6E-4781-8C58-2EB7D0E53CEA}
		{71C7C854-2E70-470C-A812-6C7C27E9422C} = {BDED6037-3D6E-4781-8C58-2EB7D0E53CEA}
		{FDCE2453-FFB3-49CD-8977-94CB66E9E931} = {3E6FD302-8B0E-4C9C-8C7A-0824E54E825C}
		{127A576D-D586-4071-9FE5-1F3C8F651B39} = {3E6FD302-8B0E-4C9C-8C7A-0824E54E825C}
		{5AAEFEF3-187F-436E-A920-20CBE53FE192} = {3E6FD302-8B0E-4C9C-8C7A-0824E54E825C}
		{2FDA2787-1660-4787-8FA1-D77DB94BDB0B} = {3E6FD302-8B0E-4C9C-8C7A-0824E54E825C}
		{1D09AF9B-E874-4EC4-B0B7-D9F4D51E51AE} = {3E6FD302-8B0E-4C9C-8C7A-0824E54E825C}
		{780D563C-909A-4DF8-9A26-D5DAC0B599CB} = {BDED6037-3D6E-4781-8C58-2EB7D0E53CEA}
		{F3F2841C-E22C-4011-A0F5-CF08DE3DE857} = {BDED6037-3D6E-4781-8C58-2EB7D0E53CEA}
		{74370890-7E61-473E-9E84-DDCBB0A8F0D1} = {BDED6037-3D6E-4781-8C58-2EB7D0E53CEA}
		{14AAAC6A-A70B-4004-8067-233D8E6292EB} = {BDED6037-3D6E-4781-8C58-2EB7D0E53CEA}
	EndGlobalSection
	GlobalSection(ExtensibilityGlobals) = postSolution
		SolutionGuid = {B390984D-3A9D-4F6D-A73B-E93CCEB586E4}
	EndGlobalSection
EndGlobal
