
Microsoft Visual Studio Solution File, Format Version 12.00
# Visual Studio Version 16
VisualStudioVersion = 16.0.31410.357
MinimumVisualStudioVersion = 10.0.40219.1
Project("{9A19103F-16F7-4668-BE54-9A1E7A4F7556}") = "Neuroglia.Core", "Core\Neuroglia.Core\Neuroglia.Core.csproj", "{12B29D16-8DA8-43EB-A353-71FECD3E6908}"
EndProject
Project("{9A19103F-16F7-4668-BE54-9A1E7A4F7556}") = "Neuroglia.Data", "Data\Neuroglia.Data\Neuroglia.Data.csproj", "{2AED8BD7-E7CF-4D65-9483-A541903C54C9}"
EndProject
Project("{9A19103F-16F7-4668-BE54-9A1E7A4F7556}") = "Neuroglia.Serialization.Abstractions", "Serialization\Neuroglia.Serialization.Abstractions\Neuroglia.Serialization.Abstractions.csproj", "{45404E47-7891-490C-BDB3-B317DB6DED48}"
EndProject
Project("{9A19103F-16F7-4668-BE54-9A1E7A4F7556}") = "Neuroglia.Serialization.Protobuf", "Serialization\Neuroglia.Serialization.Protobuf\Neuroglia.Serialization.Protobuf.csproj", "{15EF1165-8DFB-41EF-8CC5-E484382104EB}"
EndProject
Project("{9A19103F-16F7-4668-BE54-9A1E7A4F7556}") = "Neuroglia.Serialization.NewtonsoftJson", "Serialization\Neuroglia.Serialization.NewtonsoftJson\Neuroglia.Serialization.NewtonsoftJson.csproj", "{40A16E9D-440B-4352-952D-0B5EB5DEF734}"
EndProject
Project("{9A19103F-16F7-4668-BE54-9A1E7A4F7556}") = "Neuroglia.Serialization.Json", "Serialization\Neuroglia.Serialization.Json\Neuroglia.Serialization.Json.csproj", "{BFE60726-6CFE-400F-8B34-1EE83C9D8DED}"
EndProject
Project("{2150E333-8FDC-42A3-9474-1A3956D46DE8}") = "src", "src", "{BDED6037-3D6E-4781-8C58-2EB7D0E53CEA}"
EndProject
Project("{2150E333-8FDC-42A3-9474-1A3956D46DE8}") = "tests", "tests", "{9851D970-720A-4AEF-850A-068B8C4911B7}"
EndProject
Project("{9A19103F-16F7-4668-BE54-9A1E7A4F7556}") = "Neuroglia.Data.EntityFrameworkCore", "Data\Neuroglia.Data.EntityFrameworkCore\Neuroglia.Data.EntityFrameworkCore.csproj", "{232F89CA-1162-4673-AB6E-D231B954260C}"
EndProject
Project("{9A19103F-16F7-4668-BE54-9A1E7A4F7556}") = "Neuroglia.Data.MongoDB", "Data\Neuroglia.Data.MongoDB\Neuroglia.Data.MongoDB.csproj", "{E6B5336E-4D51-4465-B84B-24679AFCC596}"
EndProject
Project("{9A19103F-16F7-4668-BE54-9A1E7A4F7556}") = "Neuroglia.Data.Kubernetes", "Data\Neuroglia.Data.Kubernetes\Neuroglia.Data.Kubernetes.csproj", "{B58A2162-3332-42D5-A34A-3A3547D97DA7}"
EndProject
Project("{9A19103F-16F7-4668-BE54-9A1E7A4F7556}") = "Neuroglia.Xunit", "Testing\Neuroglia.Xunit\Neuroglia.Xunit.csproj", "{81FBD1DA-5877-4D22-B923-6D664026D947}"
EndProject
Project("{9A19103F-16F7-4668-BE54-9A1E7A4F7556}") = "Neuroglia.UnitTests", "..\test\Neuroglia.UnitTests\Neuroglia.UnitTests.csproj", "{0F79EC55-333A-4CD6-85CE-7B26D2BD622D}"
EndProject
Project("{9A19103F-16F7-4668-BE54-9A1E7A4F7556}") = "Neuroglia.Mediation", "Mediation\Neuroglia.Mediation\Neuroglia.Mediation.csproj", "{13731944-6A1A-414C-BD17-5260995F2EDA}"
EndProject
Project("{9A19103F-16F7-4668-BE54-9A1E7A4F7556}") = "Neuroglia.Serialization.YamlDotNet", "Serialization\Neuroglia.Serialization.YamlDotNet\Neuroglia.Serialization.YamlDotNet.csproj", "{0E8D293A-B299-4A06-9BB1-5547A055AC87}"
EndProject
Project("{9A19103F-16F7-4668-BE54-9A1E7A4F7556}") = "Neuroglia.Mediation.AspNetCore", "Mediation\Neuroglia.Mediation.AspNetCore\Neuroglia.Mediation.AspNetCore.csproj", "{3A35B7AC-8F9C-4A50-AFF2-9A83CCFEAD2D}"
EndProject
Project("{9A19103F-16F7-4668-BE54-9A1E7A4F7556}") = "Neuroglia.AspNetCore", "AspNetCore\Neuroglia.AspNetCore\Neuroglia.AspNetCore.csproj", "{F3B65571-A8CC-4407-AC47-DBC7C176FDB8}"
EndProject
Project("{9A19103F-16F7-4668-BE54-9A1E7A4F7556}") = "Neuroglia.Mapping", "Mapping\Neuroglia.Mapping\Neuroglia.Mapping.csproj", "{68E016FD-3F4A-41BE-8389-6235FC2C7DFA}"
EndProject
Project("{9A19103F-16F7-4668-BE54-9A1E7A4F7556}") = "Neuroglia.Data.EventSourcing", "Data\Neuroglia.Data.EventSourcing\Neuroglia.Data.EventSourcing.csproj", "{6168B897-EACA-44A3-9645-03AD525E0CBD}"
EndProject
Project("{9A19103F-16F7-4668-BE54-9A1E7A4F7556}") = "Neuroglia.Data.EventSourcing.EventStore", "Data\Neuroglia.Data.EventSourcing.EventStore\Neuroglia.Data.EventSourcing.EventStore.csproj", "{53392290-19E1-4DD7-B410-5F5086E167A1}"
EndProject
Project("{2150E333-8FDC-42A3-9474-1A3956D46DE8}") = "Core", "Core", "{7CC186D8-7758-4541-8F38-8D51EEB553DF}"
EndProject
Project("{2150E333-8FDC-42A3-9474-1A3956D46DE8}") = "AspNetCore", "AspNetCore", "{40B8230C-B678-4171-BDDE-87C70429F3B3}"
EndProject
Project("{2150E333-8FDC-42A3-9474-1A3956D46DE8}") = "Data", "Data", "{673DB177-2599-4F86-894C-0C90E6925C36}"
EndProject
Project("{2150E333-8FDC-42A3-9474-1A3956D46DE8}") = "Mapping", "Mapping", "{9D998D7B-8933-4DBF-9E5E-BB1111E2EDF5}"
EndProject
Project("{2150E333-8FDC-42A3-9474-1A3956D46DE8}") = "Mediation", "Mediation", "{826BD3F7-5B83-41AA-A032-A749EA58A38F}"
EndProject
Project("{2150E333-8FDC-42A3-9474-1A3956D46DE8}") = "Serialization", "Serialization", "{03BA8EDF-BB40-445E-90C4-815919223B54}"
EndProject
Project("{2150E333-8FDC-42A3-9474-1A3956D46DE8}") = "Testing", "Testing", "{2CE33209-D170-4082-BEE3-5FBEC2E197EA}"
EndProject
Project("{9A19103F-16F7-4668-BE54-9A1E7A4F7556}") = "Neuroglia.Serialization.Avro", "Serialization\Neuroglia.Serialization.Avro\Neuroglia.Serialization.Avro.csproj", "{0189557B-A0CB-4E07-9806-91946AECD26F}"
EndProject
Project("{2150E333-8FDC-42A3-9474-1A3956D46DE8}") = "Caching", "Caching", "{38EDC1B8-C06D-4FE8-A109-9D5F6F5EAF0D}"
EndProject
Project("{9A19103F-16F7-4668-BE54-9A1E7A4F7556}") = "Neuroglia.Caching.Abstractions", "Caching\Neuroglia.Caching.Abstractions\Neuroglia.Caching.Abstractions.csproj", "{C95DF9CF-2EC7-4C6E-B9B9-F391C1F6F67F}"
EndProject
Project("{9A19103F-16F7-4668-BE54-9A1E7A4F7556}") = "Neuroglia.Caching.InMemory", "Caching\Neuroglia.Caching.InMemory\Neuroglia.Caching.InMemory.csproj", "{281545DF-7BFE-4F90-B991-DD4EE0A2059E}"
EndProject
Project("{9A19103F-16F7-4668-BE54-9A1E7A4F7556}") = "Neuroglia.Caching.Redis", "Caching\Neuroglia.Caching.Redis\Neuroglia.Caching.Redis.csproj", "{63E04636-37BB-415A-96BC-73AF9E848EFD}"
EndProject
Project("{9A19103F-16F7-4668-BE54-9A1E7A4F7556}") = "Neuroglia.Data.DistributedCache", "Data\Neuroglia.Data.DistributedCache\Neuroglia.Data.DistributedCache.csproj", "{69ADEB9B-63D8-4525-B9F7-FD0583C9044C}"
EndProject
Project("{9A19103F-16F7-4668-BE54-9A1E7A4F7556}") = "Neuroglia.AspNetCore.Mvc.Testing", "Testing\Neuroglia.AspNetCore.Mvc.Testing\Neuroglia.AspNetCore.Mvc.Testing.csproj", "{296D2855-6F34-4BD0-AD3B-8C806CD550BE}"
EndProject
Global
	GlobalSection(SolutionConfigurationPlatforms) = preSolution
		Debug|Any CPU = Debug|Any CPU
		Release|Any CPU = Release|Any CPU
	EndGlobalSection
	GlobalSection(ProjectConfigurationPlatforms) = postSolution
		{12B29D16-8DA8-43EB-A353-71FECD3E6908}.Debug|Any CPU.ActiveCfg = Debug|Any CPU
		{12B29D16-8DA8-43EB-A353-71FECD3E6908}.Debug|Any CPU.Build.0 = Debug|Any CPU
		{12B29D16-8DA8-43EB-A353-71FECD3E6908}.Release|Any CPU.ActiveCfg = Release|Any CPU
		{12B29D16-8DA8-43EB-A353-71FECD3E6908}.Release|Any CPU.Build.0 = Release|Any CPU
		{2AED8BD7-E7CF-4D65-9483-A541903C54C9}.Debug|Any CPU.ActiveCfg = Debug|Any CPU
		{2AED8BD7-E7CF-4D65-9483-A541903C54C9}.Debug|Any CPU.Build.0 = Debug|Any CPU
		{2AED8BD7-E7CF-4D65-9483-A541903C54C9}.Release|Any CPU.ActiveCfg = Release|Any CPU
		{2AED8BD7-E7CF-4D65-9483-A541903C54C9}.Release|Any CPU.Build.0 = Release|Any CPU
		{45404E47-7891-490C-BDB3-B317DB6DED48}.Debug|Any CPU.ActiveCfg = Debug|Any CPU
		{45404E47-7891-490C-BDB3-B317DB6DED48}.Debug|Any CPU.Build.0 = Debug|Any CPU
		{45404E47-7891-490C-BDB3-B317DB6DED48}.Release|Any CPU.ActiveCfg = Release|Any CPU
		{45404E47-7891-490C-BDB3-B317DB6DED48}.Release|Any CPU.Build.0 = Release|Any CPU
		{15EF1165-8DFB-41EF-8CC5-E484382104EB}.Debug|Any CPU.ActiveCfg = Debug|Any CPU
		{15EF1165-8DFB-41EF-8CC5-E484382104EB}.Debug|Any CPU.Build.0 = Debug|Any CPU
		{15EF1165-8DFB-41EF-8CC5-E484382104EB}.Release|Any CPU.ActiveCfg = Release|Any CPU
		{15EF1165-8DFB-41EF-8CC5-E484382104EB}.Release|Any CPU.Build.0 = Release|Any CPU
		{40A16E9D-440B-4352-952D-0B5EB5DEF734}.Debug|Any CPU.ActiveCfg = Debug|Any CPU
		{40A16E9D-440B-4352-952D-0B5EB5DEF734}.Debug|Any CPU.Build.0 = Debug|Any CPU
		{40A16E9D-440B-4352-952D-0B5EB5DEF734}.Release|Any CPU.ActiveCfg = Release|Any CPU
		{40A16E9D-440B-4352-952D-0B5EB5DEF734}.Release|Any CPU.Build.0 = Release|Any CPU
		{BFE60726-6CFE-400F-8B34-1EE83C9D8DED}.Debug|Any CPU.ActiveCfg = Debug|Any CPU
		{BFE60726-6CFE-400F-8B34-1EE83C9D8DED}.Debug|Any CPU.Build.0 = Debug|Any CPU
		{BFE60726-6CFE-400F-8B34-1EE83C9D8DED}.Release|Any CPU.ActiveCfg = Release|Any CPU
		{BFE60726-6CFE-400F-8B34-1EE83C9D8DED}.Release|Any CPU.Build.0 = Release|Any CPU
		{232F89CA-1162-4673-AB6E-D231B954260C}.Debug|Any CPU.ActiveCfg = Debug|Any CPU
		{232F89CA-1162-4673-AB6E-D231B954260C}.Debug|Any CPU.Build.0 = Debug|Any CPU
		{232F89CA-1162-4673-AB6E-D231B954260C}.Release|Any CPU.ActiveCfg = Release|Any CPU
		{232F89CA-1162-4673-AB6E-D231B954260C}.Release|Any CPU.Build.0 = Release|Any CPU
		{E6B5336E-4D51-4465-B84B-24679AFCC596}.Debug|Any CPU.ActiveCfg = Debug|Any CPU
		{E6B5336E-4D51-4465-B84B-24679AFCC596}.Debug|Any CPU.Build.0 = Debug|Any CPU
		{E6B5336E-4D51-4465-B84B-24679AFCC596}.Release|Any CPU.ActiveCfg = Release|Any CPU
		{E6B5336E-4D51-4465-B84B-24679AFCC596}.Release|Any CPU.Build.0 = Release|Any CPU
		{B58A2162-3332-42D5-A34A-3A3547D97DA7}.Debug|Any CPU.ActiveCfg = Debug|Any CPU
		{B58A2162-3332-42D5-A34A-3A3547D97DA7}.Debug|Any CPU.Build.0 = Debug|Any CPU
		{B58A2162-3332-42D5-A34A-3A3547D97DA7}.Release|Any CPU.ActiveCfg = Release|Any CPU
		{B58A2162-3332-42D5-A34A-3A3547D97DA7}.Release|Any CPU.Build.0 = Release|Any CPU
		{81FBD1DA-5877-4D22-B923-6D664026D947}.Debug|Any CPU.ActiveCfg = Debug|Any CPU
		{81FBD1DA-5877-4D22-B923-6D664026D947}.Debug|Any CPU.Build.0 = Debug|Any CPU
		{81FBD1DA-5877-4D22-B923-6D664026D947}.Release|Any CPU.ActiveCfg = Release|Any CPU
		{81FBD1DA-5877-4D22-B923-6D664026D947}.Release|Any CPU.Build.0 = Release|Any CPU
		{0F79EC55-333A-4CD6-85CE-7B26D2BD622D}.Debug|Any CPU.ActiveCfg = Debug|Any CPU
		{0F79EC55-333A-4CD6-85CE-7B26D2BD622D}.Debug|Any CPU.Build.0 = Debug|Any CPU
		{0F79EC55-333A-4CD6-85CE-7B26D2BD622D}.Release|Any CPU.ActiveCfg = Release|Any CPU
		{0F79EC55-333A-4CD6-85CE-7B26D2BD622D}.Release|Any CPU.Build.0 = Release|Any CPU
		{13731944-6A1A-414C-BD17-5260995F2EDA}.Debug|Any CPU.ActiveCfg = Debug|Any CPU
		{13731944-6A1A-414C-BD17-5260995F2EDA}.Debug|Any CPU.Build.0 = Debug|Any CPU
		{13731944-6A1A-414C-BD17-5260995F2EDA}.Release|Any CPU.ActiveCfg = Release|Any CPU
		{13731944-6A1A-414C-BD17-5260995F2EDA}.Release|Any CPU.Build.0 = Release|Any CPU
		{0E8D293A-B299-4A06-9BB1-5547A055AC87}.Debug|Any CPU.ActiveCfg = Debug|Any CPU
		{0E8D293A-B299-4A06-9BB1-5547A055AC87}.Debug|Any CPU.Build.0 = Debug|Any CPU
		{0E8D293A-B299-4A06-9BB1-5547A055AC87}.Release|Any CPU.ActiveCfg = Release|Any CPU
		{0E8D293A-B299-4A06-9BB1-5547A055AC87}.Release|Any CPU.Build.0 = Release|Any CPU
		{3A35B7AC-8F9C-4A50-AFF2-9A83CCFEAD2D}.Debug|Any CPU.ActiveCfg = Debug|Any CPU
		{3A35B7AC-8F9C-4A50-AFF2-9A83CCFEAD2D}.Debug|Any CPU.Build.0 = Debug|Any CPU
		{3A35B7AC-8F9C-4A50-AFF2-9A83CCFEAD2D}.Release|Any CPU.ActiveCfg = Release|Any CPU
		{3A35B7AC-8F9C-4A50-AFF2-9A83CCFEAD2D}.Release|Any CPU.Build.0 = Release|Any CPU
		{F3B65571-A8CC-4407-AC47-DBC7C176FDB8}.Debug|Any CPU.ActiveCfg = Debug|Any CPU
		{F3B65571-A8CC-4407-AC47-DBC7C176FDB8}.Debug|Any CPU.Build.0 = Debug|Any CPU
		{F3B65571-A8CC-4407-AC47-DBC7C176FDB8}.Release|Any CPU.ActiveCfg = Release|Any CPU
		{F3B65571-A8CC-4407-AC47-DBC7C176FDB8}.Release|Any CPU.Build.0 = Release|Any CPU
		{68E016FD-3F4A-41BE-8389-6235FC2C7DFA}.Debug|Any CPU.ActiveCfg = Debug|Any CPU
		{68E016FD-3F4A-41BE-8389-6235FC2C7DFA}.Debug|Any CPU.Build.0 = Debug|Any CPU
		{68E016FD-3F4A-41BE-8389-6235FC2C7DFA}.Release|Any CPU.ActiveCfg = Release|Any CPU
		{68E016FD-3F4A-41BE-8389-6235FC2C7DFA}.Release|Any CPU.Build.0 = Release|Any CPU
		{6168B897-EACA-44A3-9645-03AD525E0CBD}.Debug|Any CPU.ActiveCfg = Debug|Any CPU
		{6168B897-EACA-44A3-9645-03AD525E0CBD}.Debug|Any CPU.Build.0 = Debug|Any CPU
		{6168B897-EACA-44A3-9645-03AD525E0CBD}.Release|Any CPU.ActiveCfg = Release|Any CPU
		{6168B897-EACA-44A3-9645-03AD525E0CBD}.Release|Any CPU.Build.0 = Release|Any CPU
		{53392290-19E1-4DD7-B410-5F5086E167A1}.Debug|Any CPU.ActiveCfg = Debug|Any CPU
		{53392290-19E1-4DD7-B410-5F5086E167A1}.Debug|Any CPU.Build.0 = Debug|Any CPU
		{53392290-19E1-4DD7-B410-5F5086E167A1}.Release|Any CPU.ActiveCfg = Release|Any CPU
		{53392290-19E1-4DD7-B410-5F5086E167A1}.Release|Any CPU.Build.0 = Release|Any CPU
		{0189557B-A0CB-4E07-9806-91946AECD26F}.Debug|Any CPU.ActiveCfg = Debug|Any CPU
		{0189557B-A0CB-4E07-9806-91946AECD26F}.Debug|Any CPU.Build.0 = Debug|Any CPU
		{0189557B-A0CB-4E07-9806-91946AECD26F}.Release|Any CPU.ActiveCfg = Release|Any CPU
		{0189557B-A0CB-4E07-9806-91946AECD26F}.Release|Any CPU.Build.0 = Release|Any CPU
		{C95DF9CF-2EC7-4C6E-B9B9-F391C1F6F67F}.Debug|Any CPU.ActiveCfg = Debug|Any CPU
		{C95DF9CF-2EC7-4C6E-B9B9-F391C1F6F67F}.Debug|Any CPU.Build.0 = Debug|Any CPU
		{C95DF9CF-2EC7-4C6E-B9B9-F391C1F6F67F}.Release|Any CPU.ActiveCfg = Release|Any CPU
		{C95DF9CF-2EC7-4C6E-B9B9-F391C1F6F67F}.Release|Any CPU.Build.0 = Release|Any CPU
		{281545DF-7BFE-4F90-B991-DD4EE0A2059E}.Debug|Any CPU.ActiveCfg = Debug|Any CPU
		{281545DF-7BFE-4F90-B991-DD4EE0A2059E}.Debug|Any CPU.Build.0 = Debug|Any CPU
		{281545DF-7BFE-4F90-B991-DD4EE0A2059E}.Release|Any CPU.ActiveCfg = Release|Any CPU
		{281545DF-7BFE-4F90-B991-DD4EE0A2059E}.Release|Any CPU.Build.0 = Release|Any CPU
		{63E04636-37BB-415A-96BC-73AF9E848EFD}.Debug|Any CPU.ActiveCfg = Debug|Any CPU
		{63E04636-37BB-415A-96BC-73AF9E848EFD}.Debug|Any CPU.Build.0 = Debug|Any CPU
		{63E04636-37BB-415A-96BC-73AF9E848EFD}.Release|Any CPU.ActiveCfg = Release|Any CPU
		{63E04636-37BB-415A-96BC-73AF9E848EFD}.Release|Any CPU.Build.0 = Release|Any CPU
		{69ADEB9B-63D8-4525-B9F7-FD0583C9044C}.Debug|Any CPU.ActiveCfg = Debug|Any CPU
		{69ADEB9B-63D8-4525-B9F7-FD0583C9044C}.Debug|Any CPU.Build.0 = Debug|Any CPU
		{69ADEB9B-63D8-4525-B9F7-FD0583C9044C}.Release|Any CPU.ActiveCfg = Release|Any CPU
		{69ADEB9B-63D8-4525-B9F7-FD0583C9044C}.Release|Any CPU.Build.0 = Release|Any CPU
		{296D2855-6F34-4BD0-AD3B-8C806CD550BE}.Debug|Any CPU.ActiveCfg = Debug|Any CPU
		{296D2855-6F34-4BD0-AD3B-8C806CD550BE}.Debug|Any CPU.Build.0 = Debug|Any CPU
		{296D2855-6F34-4BD0-AD3B-8C806CD550BE}.Release|Any CPU.ActiveCfg = Release|Any CPU
		{296D2855-6F34-4BD0-AD3B-8C806CD550BE}.Release|Any CPU.Build.0 = Release|Any CPU
	EndGlobalSection
	GlobalSection(SolutionProperties) = preSolution
		HideSolutionNode = FALSE
	EndGlobalSection
	GlobalSection(NestedProjects) = preSolution
		{12B29D16-8DA8-43EB-A353-71FECD3E6908} = {7CC186D8-7758-4541-8F38-8D51EEB553DF}
		{2AED8BD7-E7CF-4D65-9483-A541903C54C9} = {673DB177-2599-4F86-894C-0C90E6925C36}
		{45404E47-7891-490C-BDB3-B317DB6DED48} = {03BA8EDF-BB40-445E-90C4-815919223B54}
		{15EF1165-8DFB-41EF-8CC5-E484382104EB} = {03BA8EDF-BB40-445E-90C4-815919223B54}
		{40A16E9D-440B-4352-952D-0B5EB5DEF734} = {03BA8EDF-BB40-445E-90C4-815919223B54}
		{BFE60726-6CFE-400F-8B34-1EE83C9D8DED} = {03BA8EDF-BB40-445E-90C4-815919223B54}
		{232F89CA-1162-4673-AB6E-D231B954260C} = {673DB177-2599-4F86-894C-0C90E6925C36}
		{E6B5336E-4D51-4465-B84B-24679AFCC596} = {673DB177-2599-4F86-894C-0C90E6925C36}
		{B58A2162-3332-42D5-A34A-3A3547D97DA7} = {673DB177-2599-4F86-894C-0C90E6925C36}
		{81FBD1DA-5877-4D22-B923-6D664026D947} = {2CE33209-D170-4082-BEE3-5FBEC2E197EA}
		{0F79EC55-333A-4CD6-85CE-7B26D2BD622D} = {9851D970-720A-4AEF-850A-068B8C4911B7}
		{13731944-6A1A-414C-BD17-5260995F2EDA} = {826BD3F7-5B83-41AA-A032-A749EA58A38F}
		{0E8D293A-B299-4A06-9BB1-5547A055AC87} = {03BA8EDF-BB40-445E-90C4-815919223B54}
		{3A35B7AC-8F9C-4A50-AFF2-9A83CCFEAD2D} = {826BD3F7-5B83-41AA-A032-A749EA58A38F}
		{F3B65571-A8CC-4407-AC47-DBC7C176FDB8} = {40B8230C-B678-4171-BDDE-87C70429F3B3}
		{68E016FD-3F4A-41BE-8389-6235FC2C7DFA} = {9D998D7B-8933-4DBF-9E5E-BB1111E2EDF5}
		{6168B897-EACA-44A3-9645-03AD525E0CBD} = {673DB177-2599-4F86-894C-0C90E6925C36}
		{53392290-19E1-4DD7-B410-5F5086E167A1} = {673DB177-2599-4F86-894C-0C90E6925C36}
		{7CC186D8-7758-4541-8F38-8D51EEB553DF} = {BDED6037-3D6E-4781-8C58-2EB7D0E53CEA}
		{40B8230C-B678-4171-BDDE-87C70429F3B3} = {BDED6037-3D6E-4781-8C58-2EB7D0E53CEA}
		{673DB177-2599-4F86-894C-0C90E6925C36} = {BDED6037-3D6E-4781-8C58-2EB7D0E53CEA}
		{9D998D7B-8933-4DBF-9E5E-BB1111E2EDF5} = {BDED6037-3D6E-4781-8C58-2EB7D0E53CEA}
		{826BD3F7-5B83-41AA-A032-A749EA58A38F} = {BDED6037-3D6E-4781-8C58-2EB7D0E53CEA}
		{03BA8EDF-BB40-445E-90C4-815919223B54} = {BDED6037-3D6E-4781-8C58-2EB7D0E53CEA}
		{2CE33209-D170-4082-BEE3-5FBEC2E197EA} = {BDED6037-3D6E-4781-8C58-2EB7D0E53CEA}
		{0189557B-A0CB-4E07-9806-91946AECD26F} = {03BA8EDF-BB40-445E-90C4-815919223B54}
		{38EDC1B8-C06D-4FE8-A109-9D5F6F5EAF0D} = {BDED6037-3D6E-4781-8C58-2EB7D0E53CEA}
		{C95DF9CF-2EC7-4C6E-B9B9-F391C1F6F67F} = {38EDC1B8-C06D-4FE8-A109-9D5F6F5EAF0D}
		{281545DF-7BFE-4F90-B991-DD4EE0A2059E} = {38EDC1B8-C06D-4FE8-A109-9D5F6F5EAF0D}
		{63E04636-37BB-415A-96BC-73AF9E848EFD} = {38EDC1B8-C06D-4FE8-A109-9D5F6F5EAF0D}
		{69ADEB9B-63D8-4525-B9F7-FD0583C9044C} = {673DB177-2599-4F86-894C-0C90E6925C36}
		{296D2855-6F34-4BD0-AD3B-8C806CD550BE} = {2CE33209-D170-4082-BEE3-5FBEC2E197EA}
	EndGlobalSection
	GlobalSection(ExtensibilityGlobals) = postSolution
		SolutionGuid = {B390984D-3A9D-4F6D-A73B-E93CCEB586E4}
	EndGlobalSection
EndGlobal
